
Microsoft Visual Studio Solution File, Format Version 12.00
# Visual Studio Version 17
VisualStudioVersion = 17.6.33815.320
MinimumVisualStudioVersion = 10.0.40219.1
Project("{9A19103F-16F7-4668-BE54-9A1E7A4F7556}") = "TiendaServicios.Api.Autor", "TiendaServicios.Api.Autor\TiendaServicios.Api.Autor.csproj", "{5C5F1E11-3CBF-48B2-A942-BAD287FB80EB}"
EndProject
Project("{9A19103F-16F7-4668-BE54-9A1E7A4F7556}") = "TiendaServicios.Api.Libro", "TiendaServicios.Api.Libro\TiendaServicios.Api.Libro.csproj", "{82C55439-FB34-457C-AB4C-929A9F4084D5}"
EndProject
Project("{9A19103F-16F7-4668-BE54-9A1E7A4F7556}") = "TiendaServicios.Api.CarritoCompra", "TiendaServicios.Api.CarritoCompra\TiendaServicios.Api.CarritoCompra.csproj", "{D4495210-72F4-451D-8800-67042DB10218}"
EndProject
Project("{FAE04EC0-301F-11D3-BF4B-00C04F79EFBC}") = "TiendaServicios.Api.Libro.Tests", "TiendaServicios.Api.Libro.Tests\TiendaServicios.Api.Libro.Tests\TiendaServicios.Api.Libro.Tests.csproj", "{399B551B-A5E2-4EDA-B1AC-3FB622B0AF8B}"
EndProject
Global
	GlobalSection(SolutionConfigurationPlatforms) = preSolution
		Debug|Any CPU = Debug|Any CPU
		Release|Any CPU = Release|Any CPU
	EndGlobalSection
	GlobalSection(ProjectConfigurationPlatforms) = postSolution
		{5C5F1E11-3CBF-48B2-A942-BAD287FB80EB}.Debug|Any CPU.ActiveCfg = Debug|Any CPU
		{5C5F1E11-3CBF-48B2-A942-BAD287FB80EB}.Debug|Any CPU.Build.0 = Debug|Any CPU
		{5C5F1E11-3CBF-48B2-A942-BAD287FB80EB}.Release|Any CPU.ActiveCfg = Release|Any CPU
		{5C5F1E11-3CBF-48B2-A942-BAD287FB80EB}.Release|Any CPU.Build.0 = Release|Any CPU
		{82C55439-FB34-457C-AB4C-929A9F4084D5}.Debug|Any CPU.ActiveCfg = Debug|Any CPU
		{82C55439-FB34-457C-AB4C-929A9F4084D5}.Debug|Any CPU.Build.0 = Debug|Any CPU
		{82C55439-FB34-457C-AB4C-929A9F4084D5}.Release|Any CPU.ActiveCfg = Release|Any CPU
		{82C55439-FB34-457C-AB4C-929A9F4084D5}.Release|Any CPU.Build.0 = Release|Any CPU
		{D4495210-72F4-451D-8800-67042DB10218}.Debug|Any CPU.ActiveCfg = Debug|Any CPU
		{D4495210-72F4-451D-8800-67042DB10218}.Debug|Any CPU.Build.0 = Debug|Any CPU
		{D4495210-72F4-451D-8800-67042DB10218}.Release|Any CPU.ActiveCfg = Release|Any CPU
		{D4495210-72F4-451D-8800-67042DB10218}.Release|Any CPU.Build.0 = Release|Any CPU
		{399B551B-A5E2-4EDA-B1AC-3FB622B0AF8B}.Debug|Any CPU.ActiveCfg = Debug|Any CPU
		{399B551B-A5E2-4EDA-B1AC-3FB622B0AF8B}.Debug|Any CPU.Build.0 = Debug|Any CPU
		{399B551B-A5E2-4EDA-B1AC-3FB622B0AF8B}.Release|Any CPU.ActiveCfg = Release|Any CPU
		{399B551B-A5E2-4EDA-B1AC-3FB622B0AF8B}.Release|Any CPU.Build.0 = Release|Any CPU
	EndGlobalSection
	GlobalSection(SolutionProperties) = preSolution
		HideSolutionNode = FALSE
	EndGlobalSection
	GlobalSection(ExtensibilityGlobals) = postSolution
		SolutionGuid = {80806AE0-AD71-452B-A530-F8DB7D4195B6}
	EndGlobalSection
EndGlobal
